
Microsoft Visual Studio Solution File, Format Version 12.00
# Visual Studio Version 16
VisualStudioVersion = 16.0.31321.278
MinimumVisualStudioVersion = 10.0.40219.1
Project("{FAE04EC0-301F-11D3-BF4B-00C04F79EFBC}") = "Primes", "Primes\Primes.csproj", "{89DE9953-D770-4A5D-8DC4-7C1DC048F114}"
EndProject
Global
	GlobalSection(SolutionConfigurationPlatforms) = preSolution
		Debug|Any CPU = Debug|Any CPU
		Release|Any CPU = Release|Any CPU
	EndGlobalSection
	GlobalSection(ProjectConfigurationPlatforms) = postSolution
		{89DE9953-D770-4A5D-8DC4-7C1DC048F114}.Debug|Any CPU.ActiveCfg = Debug|Any CPU
		{89DE9953-D770-4A5D-8DC4-7C1DC048F114}.Debug|Any CPU.Build.0 = Debug|Any CPU
		{89DE9953-D770-4A5D-8DC4-7C1DC048F114}.Release|Any CPU.ActiveCfg = Release|Any CPU
		{89DE9953-D770-4A5D-8DC4-7C1DC048F114}.Release|Any CPU.Build.0 = Release|Any CPU
	EndGlobalSection
	GlobalSection(SolutionProperties) = preSolution
		HideSolutionNode = FALSE
	EndGlobalSection
	GlobalSection(ExtensibilityGlobals) = postSolution
		SolutionGuid = {04EE5A1B-5BF8-4553-B8FC-5B7A255E7006}
	EndGlobalSection
EndGlobal
